
Microsoft Visual Studio Solution File, Format Version 12.00
# Visual Studio 15
VisualStudioVersion = 15.0.27703.2035
MinimumVisualStudioVersion = 10.0.40219.1
Project("{FAE04EC0-301F-11D3-BF4B-00C04F79EFBC}") = "S7.Net.Examples", "S7.Net.Examples\S7.Net.Examples.csproj", "{AE488D50-4713-46AC-B845-2384C6E724EE}"
EndProject
Global
	GlobalSection(SolutionConfigurationPlatforms) = preSolution
		Debug|Any CPU = Debug|Any CPU
		Release|Any CPU = Release|Any CPU
	EndGlobalSection
	GlobalSection(ProjectConfigurationPlatforms) = postSolution
		{AE488D50-4713-46AC-B845-2384C6E724EE}.Debug|Any CPU.ActiveCfg = Debug|Any CPU
		{AE488D50-4713-46AC-B845-2384C6E724EE}.Debug|Any CPU.Build.0 = Debug|Any CPU
		{AE488D50-4713-46AC-B845-2384C6E724EE}.Release|Any CPU.ActiveCfg = Release|Any CPU
		{AE488D50-4713-46AC-B845-2384C6E724EE}.Release|Any CPU.Build.0 = Release|Any CPU
	EndGlobalSection
	GlobalSection(SolutionProperties) = preSolution
		HideSolutionNode = FALSE
	EndGlobalSection
	GlobalSection(ExtensibilityGlobals) = postSolution
		SolutionGuid = {A9722FF7-B98B-4409-96F6-644690E3D2A9}
	EndGlobalSection
EndGlobal
